
Microsoft Visual Studio Solution File, Format Version 12.00
# Visual Studio Version 16
VisualStudioVersion = 16.0.31019.35
MinimumVisualStudioVersion = 10.0.40219.1
Project("{FAE04EC0-301F-11D3-BF4B-00C04F79EFBC}") = "Console_Calculyator", "Console_Calculyator\Console_Calculyator.csproj", "{844954A3-BC20-4B78-9E48-5A4CA2387201}"
EndProject
Global
	GlobalSection(SolutionConfigurationPlatforms) = preSolution
		Debug|Any CPU = Debug|Any CPU
		Release|Any CPU = Release|Any CPU
	EndGlobalSection
	GlobalSection(ProjectConfigurationPlatforms) = postSolution
		{844954A3-BC20-4B78-9E48-5A4CA2387201}.Debug|Any CPU.ActiveCfg = Debug|Any CPU
		{844954A3-BC20-4B78-9E48-5A4CA2387201}.Debug|Any CPU.Build.0 = Debug|Any CPU
		{844954A3-BC20-4B78-9E48-5A4CA2387201}.Release|Any CPU.ActiveCfg = Release|Any CPU
		{844954A3-BC20-4B78-9E48-5A4CA2387201}.Release|Any CPU.Build.0 = Release|Any CPU
	EndGlobalSection
	GlobalSection(SolutionProperties) = preSolution
		HideSolutionNode = FALSE
	EndGlobalSection
	GlobalSection(ExtensibilityGlobals) = postSolution
		SolutionGuid = {D419B8DB-34F2-463D-94CA-E203C18A6A46}
	EndGlobalSection
EndGlobal
